
Microsoft Visual Studio Solution File, Format Version 12.00
# Visual Studio Version 17
VisualStudioVersion = 17.2.32526.322
MinimumVisualStudioVersion = 10.0.40219.1
Project("{2150E333-8FDC-42A3-9474-1A3956D46DE8}") = "1. Intro", "1. Intro", "{E30FFADA-A771-4485-8BB2-61716E7B9979}"
EndProject
Project("{9A19103F-16F7-4668-BE54-9A1E7A4F7556}") = "Web.Api", "Web.Api\Web.Api.csproj", "{B589124C-D9D9-4D24-BD97-295417B15D7C}"
EndProject
Project("{9A19103F-16F7-4668-BE54-9A1E7A4F7556}") = "Minimal.Api", "Minimal.Api\Minimal.Api.csproj", "{15C266B4-4F96-4F0B-A20A-3926B4945B12}"
EndProject
Project("{9A19103F-16F7-4668-BE54-9A1E7A4F7556}") = "Weather.Api", "Weather.Api\Weather.Api.csproj", "{004B7386-CE05-4999-9E63-DEFD98AED9F7}"
EndProject
Project("{2150E333-8FDC-42A3-9474-1A3956D46DE8}") = "2. GettingStarted", "2. GettingStarted", "{91E28E8B-BA41-4FF6-9889-102193DF32E2}"
EndProject
Project("{9A19103F-16F7-4668-BE54-9A1E7A4F7556}") = "GettingStarted.Minimal.Api", "GettingStarted.Minimal.Api\GettingStarted.Minimal.Api.csproj", "{85A2E44D-49B6-45D2-B9EE-C49DA89227E1}"
EndProject
Project("{2150E333-8FDC-42A3-9474-1A3956D46DE8}") = "3. LetsBuild", "3. LetsBuild", "{D2A17142-1819-4D71-A3A7-BFF606E3EA73}"
EndProject
Project("{9A19103F-16F7-4668-BE54-9A1E7A4F7556}") = "Books.Api", "Books.Api\Books.Api.csproj", "{AFBC35B9-2AD7-48CC-BD61-432FCB58F9B7}"
EndProject
Project("{9A19103F-16F7-4668-BE54-9A1E7A4F7556}") = "Library.Api", "Library.Api\Library.Api.csproj", "{D2684A51-809A-4C3E-BB57-6C00B1B4E673}"
EndProject
Project("{2150E333-8FDC-42A3-9474-1A3956D46DE8}") = "4. Extending", "4. Extending", "{45C07D78-70EA-42E3-A749-92B28A7CAB82}"
EndProject
Project("{FAE04EC0-301F-11D3-BF4B-00C04F79EFBC}") = "Extending.Library.Api", "Extending.Library.Api\Extending.Library.Api.csproj", "{2B3BBDE2-5535-49D1-83FF-04CB5AA528D7}"
EndProject
Global
	GlobalSection(SolutionConfigurationPlatforms) = preSolution
		Debug|Any CPU = Debug|Any CPU
		Release|Any CPU = Release|Any CPU
	EndGlobalSection
	GlobalSection(ProjectConfigurationPlatforms) = postSolution
		{B589124C-D9D9-4D24-BD97-295417B15D7C}.Debug|Any CPU.ActiveCfg = Debug|Any CPU
		{B589124C-D9D9-4D24-BD97-295417B15D7C}.Debug|Any CPU.Build.0 = Debug|Any CPU
		{B589124C-D9D9-4D24-BD97-295417B15D7C}.Release|Any CPU.ActiveCfg = Release|Any CPU
		{B589124C-D9D9-4D24-BD97-295417B15D7C}.Release|Any CPU.Build.0 = Release|Any CPU
		{15C266B4-4F96-4F0B-A20A-3926B4945B12}.Debug|Any CPU.ActiveCfg = Debug|Any CPU
		{15C266B4-4F96-4F0B-A20A-3926B4945B12}.Debug|Any CPU.Build.0 = Debug|Any CPU
		{15C266B4-4F96-4F0B-A20A-3926B4945B12}.Release|Any CPU.ActiveCfg = Release|Any CPU
		{15C266B4-4F96-4F0B-A20A-3926B4945B12}.Release|Any CPU.Build.0 = Release|Any CPU
		{004B7386-CE05-4999-9E63-DEFD98AED9F7}.Debug|Any CPU.ActiveCfg = Debug|Any CPU
		{004B7386-CE05-4999-9E63-DEFD98AED9F7}.Debug|Any CPU.Build.0 = Debug|Any CPU
		{004B7386-CE05-4999-9E63-DEFD98AED9F7}.Release|Any CPU.ActiveCfg = Release|Any CPU
		{004B7386-CE05-4999-9E63-DEFD98AED9F7}.Release|Any CPU.Build.0 = Release|Any CPU
		{85A2E44D-49B6-45D2-B9EE-C49DA89227E1}.Debug|Any CPU.ActiveCfg = Debug|Any CPU
		{85A2E44D-49B6-45D2-B9EE-C49DA89227E1}.Debug|Any CPU.Build.0 = Debug|Any CPU
		{85A2E44D-49B6-45D2-B9EE-C49DA89227E1}.Release|Any CPU.ActiveCfg = Release|Any CPU
		{85A2E44D-49B6-45D2-B9EE-C49DA89227E1}.Release|Any CPU.Build.0 = Release|Any CPU
		{AFBC35B9-2AD7-48CC-BD61-432FCB58F9B7}.Debug|Any CPU.ActiveCfg = Debug|Any CPU
		{AFBC35B9-2AD7-48CC-BD61-432FCB58F9B7}.Debug|Any CPU.Build.0 = Debug|Any CPU
		{AFBC35B9-2AD7-48CC-BD61-432FCB58F9B7}.Release|Any CPU.ActiveCfg = Release|Any CPU
		{AFBC35B9-2AD7-48CC-BD61-432FCB58F9B7}.Release|Any CPU.Build.0 = Release|Any CPU
		{D2684A51-809A-4C3E-BB57-6C00B1B4E673}.Debug|Any CPU.ActiveCfg = Debug|Any CPU
		{D2684A51-809A-4C3E-BB57-6C00B1B4E673}.Debug|Any CPU.Build.0 = Debug|Any CPU
		{D2684A51-809A-4C3E-BB57-6C00B1B4E673}.Release|Any CPU.ActiveCfg = Release|Any CPU
		{D2684A51-809A-4C3E-BB57-6C00B1B4E673}.Release|Any CPU.Build.0 = Release|Any CPU
		{2B3BBDE2-5535-49D1-83FF-04CB5AA528D7}.Debug|Any CPU.ActiveCfg = Debug|Any CPU
		{2B3BBDE2-5535-49D1-83FF-04CB5AA528D7}.Debug|Any CPU.Build.0 = Debug|Any CPU
		{2B3BBDE2-5535-49D1-83FF-04CB5AA528D7}.Release|Any CPU.ActiveCfg = Release|Any CPU
		{2B3BBDE2-5535-49D1-83FF-04CB5AA528D7}.Release|Any CPU.Build.0 = Release|Any CPU
	EndGlobalSection
	GlobalSection(SolutionProperties) = preSolution
		HideSolutionNode = FALSE
	EndGlobalSection
	GlobalSection(NestedProjects) = preSolution
		{B589124C-D9D9-4D24-BD97-295417B15D7C} = {E30FFADA-A771-4485-8BB2-61716E7B9979}
		{15C266B4-4F96-4F0B-A20A-3926B4945B12} = {E30FFADA-A771-4485-8BB2-61716E7B9979}
		{004B7386-CE05-4999-9E63-DEFD98AED9F7} = {E30FFADA-A771-4485-8BB2-61716E7B9979}
		{85A2E44D-49B6-45D2-B9EE-C49DA89227E1} = {91E28E8B-BA41-4FF6-9889-102193DF32E2}
		{AFBC35B9-2AD7-48CC-BD61-432FCB58F9B7} = {D2A17142-1819-4D71-A3A7-BFF606E3EA73}
		{D2684A51-809A-4C3E-BB57-6C00B1B4E673} = {D2A17142-1819-4D71-A3A7-BFF606E3EA73}
		{2B3BBDE2-5535-49D1-83FF-04CB5AA528D7} = {45C07D78-70EA-42E3-A749-92B28A7CAB82}
	EndGlobalSection
	GlobalSection(ExtensibilityGlobals) = postSolution
		SolutionGuid = {D5D66281-4F1F-4FF6-A469-159E3DC7FD4D}
	EndGlobalSection
EndGlobal
